
Microsoft Visual Studio Solution File, Format Version 12.00
# Visual Studio Version 17
VisualStudioVersion = 17.5.002.0
MinimumVisualStudioVersion = 10.0.40219.1
Project("{9A19103F-16F7-4668-BE54-9A1E7A4F7556}") = "CncStatisticsApp", "CncStatisticsApp.csproj", "{812E3270-B121-4931-8229-20C80F08CE63}"
EndProject
Global
	GlobalSection(SolutionConfigurationPlatforms) = preSolution
		Debug|Any CPU = Debug|Any CPU
		Release|Any CPU = Release|Any CPU
	EndGlobalSection
	GlobalSection(ProjectConfigurationPlatforms) = postSolution
		{812E3270-B121-4931-8229-20C80F08CE63}.Debug|Any CPU.ActiveCfg = Debug|Any CPU
		{812E3270-B121-4931-8229-20C80F08CE63}.Debug|Any CPU.Build.0 = Debug|Any CPU
		{812E3270-B121-4931-8229-20C80F08CE63}.Release|Any CPU.ActiveCfg = Release|Any CPU
		{812E3270-B121-4931-8229-20C80F08CE63}.Release|Any CPU.Build.0 = Release|Any CPU
	EndGlobalSection
	GlobalSection(SolutionProperties) = preSolution
		HideSolutionNode = FALSE
	EndGlobalSection
	GlobalSection(ExtensibilityGlobals) = postSolution
		SolutionGuid = {35947EDB-B451-4397-B1DF-441C4E1D94A1}
	EndGlobalSection
EndGlobal
